{
  "name": "@rlatorre/monorepo",
  "version": "1.0.0",
  "lockfileVersion": 2,
  "requires": true,
  "packages": {
    "": {
      "name": "@rlatorre/monorepo",
      "version": "1.0.0",
      "workspaces": [
        "./common/*"
      ]
    },
    "common/ui": {
      "name": "@rlatorre/ui",
      "version": "1.0.0"
    },
    "node_modules/@rlatorre/ui": {
      "resolved": "common/ui",
      "link": true
    }
  },
  "dependencies": {
    "@rlatorre/ui": {
      "version": "file:common/ui"
    }
  }
}
